
Microsoft Visual Studio Solution File, Format Version 12.00
# Visual Studio Version 17
VisualStudioVersion = 17.6.33829.357
MinimumVisualStudioVersion = 10.0.40219.1
Project("{FAE04EC0-301F-11D3-BF4B-00C04F79EFBC}") = "ScreenSound", "ScreenSound\ScreenSound.csproj", "{615DFF5E-E6BD-460C-A154-C2DBB8F95BEC}"
EndProject
Global
	GlobalSection(SolutionConfigurationPlatforms) = preSolution
		Debug|Any CPU = Debug|Any CPU
		Release|Any CPU = Release|Any CPU
	EndGlobalSection
	GlobalSection(ProjectConfigurationPlatforms) = postSolution
		{615DFF5E-E6BD-460C-A154-C2DBB8F95BEC}.Debug|Any CPU.ActiveCfg = Debug|Any CPU
		{615DFF5E-E6BD-460C-A154-C2DBB8F95BEC}.Debug|Any CPU.Build.0 = Debug|Any CPU
		{615DFF5E-E6BD-460C-A154-C2DBB8F95BEC}.Release|Any CPU.ActiveCfg = Release|Any CPU
		{615DFF5E-E6BD-460C-A154-C2DBB8F95BEC}.Release|Any CPU.Build.0 = Release|Any CPU
	EndGlobalSection
	GlobalSection(SolutionProperties) = preSolution
		HideSolutionNode = FALSE
	EndGlobalSection
	GlobalSection(ExtensibilityGlobals) = postSolution
		SolutionGuid = {74B79EA0-1168-48EA-A558-06BA3501BC02}
	EndGlobalSection
EndGlobal
